// !$*UTF8*$!
{
	archiveVersion = 1;
	classes = {
	};
	objectVersion = 46;
	objects = {

/* Begin PBXBuildFile section */
		17BCD65E1A69839E0051D30D /* main.m in Sources */ = {isa = PBXBuildFile; fileRef = 17BCD65D1A69839E0051D30D /* main.m */; };
		17BCD6611A69839E0051D30D /* AppDelegate.m in Sources */ = {isa = PBXBuildFile; fileRef = 17BCD6601A69839E0051D30D /* AppDelegate.m */; };
		17BCD6641A69839E0051D30D /* ViewController.m in Sources */ = {isa = PBXBuildFile; fileRef = 17BCD6631A69839E0051D30D /* ViewController.m */; };
		17BCD6671A69839E0051D30D /* Main.storyboard in Resources */ = {isa = PBXBuildFile; fileRef = 17BCD6651A69839E0051D30D /* Main.storyboard */; };
		17BCD6691A69839E0051D30D /* Images.xcassets in Resources */ = {isa = PBXBuildFile; fileRef = 17BCD6681A69839E0051D30D /* Images.xcassets */; };
		17BCD66C1A69839E0051D30D /* LaunchScreen.xib in Resources */ = {isa = PBXBuildFile; fileRef = 17BCD66A1A69839E0051D30D /* LaunchScreen.xib */; };
		17BCD6781A69839F0051D30D /* MySafariTests.m in Sources */ = {isa = PBXBuildFile; fileRef = 17BCD6771A69839F0051D30D /* MySafariTests.m */; };
/* End PBXBuildFile section */

/* Begin PBXContainerItemProxy section */
		17BCD6721A69839F0051D30D /* PBXContainerItemProxy */ = {
			isa = PBXContainerItemProxy;
			containerPortal = 17BCD6501A69839E0051D30D /* Project object */;
			proxyType = 1;
			remoteGlobalIDString = 17BCD6571A69839E0051D30D;
			remoteInfo = MySafari;
		};
/* End PBXContainerItemProxy section */

/* Begin PBXFileReference section */
		17BCD6581A69839E0051D30D /* MySafari.app */ = {isa = PBXFileReference; explicitFileType = wrapper.application; includeInIndex = 0; path = MySafari.app; sourceTree = BUILT_PRODUCTS_DIR; };
		17BCD65C1A69839E0051D30D /* Info.plist */ = {isa = PBXFileReference; lastKnownFileType = text.plist.xml; path = Info.plist; sourceTree = "<group>"; };
		17BCD65D1A69839E0051D30D /* main.m */ = {isa = PBXFileReference; lastKnownFileType = sourcecode.c.objc; path = main.m; sourceTree = "<group>"; };
		17BCD65F1A69839E0051D30D /* AppDelegate.h */ = {isa = PBXFileReference; lastKnownFileType = sourcecode.c.h; path = AppDelegate.h; sourceTree = "<group>"; };
		17BCD6601A69839E0051D30D /* AppDelegate.m */ = {isa = PBXFileReference; lastKnownFileType = sourcecode.c.objc; path = AppDelegate.m; sourceTree = "<group>"; };
		17BCD6621A69839E0051D30D /* ViewController.h */ = {isa = PBXFileReference; lastKnownFileType = sourcecode.c.h; path = ViewController.h; sourceTree = "<group>"; };
		17BCD6631A69839E0051D30D /* ViewController.m */ = {isa = PBXFileReference; lastKnownFileType = sourcecode.c.objc; path = ViewController.m; sourceTree = "<group>"; };
		17BCD6661A69839E0051D30D /* Base */ = {isa = PBXFileReference; lastKnownFileType = file.storyboard; name = Base; path = Base.lproj/Main.storyboard; sourceTree = "<group>"; };
		17BCD6681A69839E0051D30D /* Images.xcassets */ = {isa = PBXFileReference; lastKnownFileType = folder.assetcatalog; path = Images.xcassets; sourceTree = "<group>"; };
		17BCD66B1A69839E0051D30D /* Base */ = {isa = PBXFileReference; lastKnownFileType = file.xib; name = Base; path = Base.lproj/LaunchScreen.xib; sourceTree = "<group>"; };
		17BCD6711A69839F0051D30D /* MySafariTests.xctest */ = {isa = PBXFileReference; explicitFileType = wrapper.cfbundle; includeInIndex = 0; path = MySafariTests.xctest; sourceTree = BUILT_PRODUCTS_DIR; };
		17BCD6761A69839F0051D30D /* Info.plist */ = {isa = PBXFileReference; lastKnownFileType = text.plist.xml; path = Info.plist; sourceTree = "<group>"; };
		17BCD6771A69839F0051D30D /* MySafariTests.m */ = {isa = PBXFileReference; lastKnownFileType = sourcecode.c.objc; path = MySafariTests.m; sourceTree = "<group>"; };
/* End PBXFileReference section */

/* Begin PBXFrameworksBuildPhase section */
		17BCD6551A69839E0051D30D /* Frameworks */ = {
			isa = PBXFrameworksBuildPhase;
			buildActionMask = 2147483647;
			files = (
			);
			runOnlyForDeploymentPostprocessing = 0;
		};
		17BCD66E1A69839F0051D30D /* Frameworks */ = {
			isa = PBXFrameworksBuildPhase;
			buildActionMask = 2147483647;
			files = (
			);
			runOnlyForDeploymentPostprocessing = 0;
		};
/* End PBXFrameworksBuildPhase section */

/* Begin PBXGroup section */
		17BCD64F1A69839E0051D30D = {
			isa = PBXGroup;
			children = (
				17BCD65A1A69839E0051D30D /* MySafari */,
				17BCD6741A69839F0051D30D /* MySafariTests */,
				17BCD6591A69839E0051D30D /* Products */,
			);
			sourceTree = "<group>";
		};
		17BCD6591A69839E0051D30D /* Products */ = {
			isa = PBXGroup;
			children = (
				17BCD6581A69839E0051D30D /* MySafari.app */,
				17BCD6711A69839F0051D30D /* MySafariTests.xctest */,
			);
			name = Products;
			sourceTree = "<group>";
		};
		17BCD65A1A69839E0051D30D /* MySafari */ = {
			isa = PBXGroup;
			children = (
				17BCD65F1A69839E0051D30D /* AppDelegate.h */,
				17BCD6601A69839E0051D30D /* AppDelegate.m */,
				17BCD6621A69839E0051D30D /* ViewController.h */,
				17BCD6631A69839E0051D30D /* ViewController.m */,
				17BCD6651A69839E0051D30D /* Main.storyboard */,
				17BCD6681A69839E0051D30D /* Images.xcassets */,
				17BCD66A1A69839E0051D30D /* LaunchScreen.xib */,
				17BCD65B1A69839E0051D30D /* Supporting Files */,
			);
			path = MySafari;
			sourceTree = "<group>";
		};
		17BCD65B1A69839E0051D30D /* Supporting Files */ = {
			isa = PBXGroup;
			children = (
				17BCD65C1A69839E0051D30D /* Info.plist */,
				17BCD65D1A69839E0051D30D /* main.m */,
			);
			name = "Supporting Files";
			sourceTree = "<group>";
		};
		17BCD6741A69839F0051D30D /* MySafariTests */ = {
			isa = PBXGroup;
			children = (
				17BCD6771A69839F0051D30D /* MySafariTests.m */,
				17BCD6751A69839F0051D30D /* Supporting Files */,
			);
			path = MySafariTests;
			sourceTree = "<group>";
		};
		17BCD6751A69839F0051D30D /* Supporting Files */ = {
			isa = PBXGroup;
			children = (
				17BCD6761A69839F0051D30D /* Info.plist */,
			);
			name = "Supporting Files";
			sourceTree = "<group>";
		};
/* End PBXGroup section */

/* Begin PBXNativeTarget section */
		17BCD6571A69839E0051D30D /* MySafari */ = {
			isa = PBXNativeTarget;
			buildConfigurationList = 17BCD67B1A69839F0051D30D /* Build configuration list for PBXNativeTarget "MySafari" */;
			buildPhases = (
				17BCD6541A69839E0051D30D /* Sources */,
				17BCD6551A69839E0051D30D /* Frameworks */,
				17BCD6561A69839E0051D30D /* Resources */,
			);
			buildRules = (
			);
			dependencies = (
			);
			name = MySafari;
			productName = MySafari;
			productReference = 17BCD6581A69839E0051D30D /* MySafari.app */;
			productType = "com.apple.product-type.application";
		};
		17BCD6701A69839F0051D30D /* MySafariTests */ = {
			isa = PBXNativeTarget;
			buildConfigurationList = 17BCD67E1A69839F0051D30D /* Build configuration list for PBXNativeTarget "MySafariTests" */;
			buildPhases = (
				17BCD66D1A69839F0051D30D /* Sources */,
				17BCD66E1A69839F0051D30D /* Frameworks */,
				17BCD66F1A69839F0051D30D /* Resources */,
			);
			buildRules = (
			);
			dependencies = (
				17BCD6731A69839F0051D30D /* PBXTargetDependency */,
			);
			name = MySafariTests;
			productName = MySafariTests;
			productReference = 17BCD6711A69839F0051D30D /* MySafariTests.xctest */;
			productType = "com.apple.product-type.bundle.unit-test";
		};
/* End PBXNativeTarget section */

/* Begin PBXProject section */
		17BCD6501A69839E0051D30D /* Project object */ = {
			isa = PBXProject;
			attributes = {
				LastUpgradeCheck = 0610;
				ORGANIZATIONNAME = iKompass;
				TargetAttributes = {
					17BCD6571A69839E0051D30D = {
						CreatedOnToolsVersion = 6.1.1;
					};
					17BCD6701A69839F0051D30D = {
						CreatedOnToolsVersion = 6.1.1;
						TestTargetID = 17BCD6571A69839E0051D30D;
					};
				};
			};
			buildConfigurationList = 17BCD6531A69839E0051D30D /* Build configuration list for PBXProject "MySafari" */;
			compatibilityVersion = "Xcode 3.2";
			developmentRegion = English;
			hasScannedForEncodings = 0;
			knownRegions = (
				en,
				Base,
			);
			mainGroup = 17BCD64F1A69839E0051D30D;
			productRefGroup = 17BCD6591A69839E0051D30D /* Products */;
			projectDirPath = "";
			projectRoot = "";
			targets = (
				17BCD6571A69839E0051D30D /* MySafari */,
				17BCD6701A69839F0051D30D /* MySafariTests */,
			);
		};
/* End PBXProject section */

/* Begin PBXResourcesBuildPhase section */
		17BCD6561A69839E0051D30D /* Resources */ = {
			isa = PBXResourcesBuildPhase;
			buildActionMask = 2147483647;
			files = (
				17BCD6671A69839E0051D30D /* Main.storyboard in Resources */,
				17BCD66C1A69839E0051D30D /* LaunchScreen.xib in Resources */,
				17BCD6691A69839E0051D30D /* Images.xcassets in Resources */,
			);
			runOnlyForDeploymentPostprocessing = 0;
		};
		17BCD66F1A69839F0051D30D /* Resources */ = {
			isa = PBXResourcesBuildPhase;
			buildActionMask = 2147483647;
			files = (
			);
			runOnlyForDeploymentPostprocessing = 0;
		};
/* End PBXResourcesBuildPhase section */

/* Begin PBXSourcesBuildPhase section */
		17BCD6541A69839E0051D30D /* Sources */ = {
			isa = PBXSourcesBuildPhase;
			buildActionMask = 2147483647;
			files = (
				17BCD6641A69839E0051D30D /* ViewController.m in Sources */,
				17BCD6611A69839E0051D30D /* AppDelegate.m in Sources */,
				17BCD65E1A69839E0051D30D /* main.m in Sources */,
			);
			runOnlyForDeploymentPostprocessing = 0;
		};
		17BCD66D1A69839F0051D30D /* Sources */ = {
			isa = PBXSourcesBuildPhase;
			buildActionMask = 2147483647;
			files = (
				17BCD6781A69839F0051D30D /* MySafariTests.m in Sources */,
			);
			runOnlyForDeploymentPostprocessing = 0;
		};
/* End PBXSourcesBuildPhase section */

/* Begin PBXTargetDependency section */
		17BCD6731A69839F0051D30D /* PBXTargetDependency */ = {
			isa = PBXTargetDependency;
			target = 17BCD6571A69839E0051D30D /* MySafari */;
			targetProxy = 17BCD6721A69839F0051D30D /* PBXContainerItemProxy */;
		};
/* End PBXTargetDependency section */

/* Begin PBXVariantGroup section */
		17BCD6651A69839E0051D30D /* Main.storyboard */ = {
			isa = PBXVariantGroup;
			children = (
				17BCD6661A69839E0051D30D /* Base */,
			);
			name = Main.storyboard;
			sourceTree = "<group>";
		};
		17BCD66A1A69839E0051D30D /* LaunchScreen.xib */ = {
			isa = PBXVariantGroup;
			children = (
				17BCD66B1A69839E0051D30D /* Base */,
			);
			name = LaunchScreen.xib;
			sourceTree = "<group>";
		};
/* End PBXVariantGroup section */

/* Begin XCBuildConfiguration section */
		17BCD6791A69839F0051D30D /* Debug */ = {
			isa = XCBuildConfiguration;
			buildSettings = {
				ALWAYS_SEARCH_USER_PATHS = NO;
				CLANG_CXX_LANGUAGE_STANDARD = "gnu++0x";
				CLANG_CXX_LIBRARY = "libc++";
				CLANG_ENABLE_MODULES = YES;
				CLANG_ENABLE_OBJC_ARC = YES;
				CLANG_WARN_BOOL_CONVERSION = YES;
				CLANG_WARN_CONSTANT_CONVERSION = YES;
				CLANG_WARN_DIRECT_OBJC_ISA_USAGE = YES_ERROR;
				CLANG_WARN_EMPTY_BODY = YES;
				CLANG_WARN_ENUM_CONVERSION = YES;
				CLANG_WARN_INT_CONVERSION = YES;
				CLANG_WARN_OBJC_ROOT_CLASS = YES_ERROR;
				CLANG_WARN_UNREACHABLE_CODE = YES;
				CLANG_WARN__DUPLICATE_METHOD_MATCH = YES;
				"CODE_SIGN_IDENTITY[sdk=iphoneos*]" = "iPhone Developer";
				COPY_PHASE_STRIP = NO;
				ENABLE_STRICT_OBJC_MSGSEND = YES;
				GCC_C_LANGUAGE_STANDARD = gnu99;
				GCC_DYNAMIC_NO_PIC = NO;
				GCC_OPTIMIZATION_LEVEL = 0;
				GCC_PREPROCESSOR_DEFINITIONS = (
					"DEBUG=1",
					"$(inherited)",
				);
				GCC_SYMBOLS_PRIVATE_EXTERN = NO;
				GCC_WARN_64_TO_32_BIT_CONVERSION = YES;
				GCC_WARN_ABOUT_RETURN_TYPE = YES_ERROR;
				GCC_WARN_UNDECLARED_SELECTOR = YES;
				GCC_WARN_UNINITIALIZED_AUTOS = YES_AGGRESSIVE;
				GCC_WARN_UNUSED_FUNCTION = YES;
				GCC_WARN_UNUSED_VARIABLE = YES;
				IPHONEOS_DEPLOYMENT_TARGET = 8.1;
				MTL_ENABLE_DEBUG_INFO = YES;
				ONLY_ACTIVE_ARCH = YES;
				SDKROOT = iphoneos;
			};
			name = Debug;
		};
		17BCD67A1A69839F0051D30D /* Release */ = {
			isa = XCBuildConfiguration;
			buildSettings = {
				ALWAYS_SEARCH_USER_PATHS = NO;
				CLANG_CXX_LANGUAGE_STANDARD = "gnu++0x";
				CLANG_CXX_LIBRARY = "libc++";
				CLANG_ENABLE_MODULES = YES;
				CLANG_ENABLE_OBJC_ARC = YES;
				CLANG_WARN_BOOL_CONVERSION = YES;
				CLANG_WARN_CONSTANT_CONVERSION = YES;
				CLANG_WARN_DIRECT_OBJC_ISA_USAGE = YES_ERROR;
				CLANG_WARN_EMPTY_BODY = YES;
				CLANG_WARN_ENUM_CONVERSION = YES;
				CLANG_WARN_INT_CONVERSION = YES;
				CLANG_WARN_OBJC_ROOT_CLASS = YES_ERROR;
				CLANG_WARN_UNREACHABLE_CODE = YES;
				CLANG_WARN__DUPLICATE_METHOD_MATCH = YES;
				"CODE_SIGN_IDENTITY[sdk=iphoneos*]" = "iPhone Developer";
				COPY_PHASE_STRIP = YES;
				ENABLE_NS_ASSERTIONS = NO;
				ENABLE_STRICT_OBJC_MSGSEND = YES;
				GCC_C_LANGUAGE_STANDARD = gnu99;
				GCC_WARN_64_TO_32_BIT_CONVERSION = YES;
				GCC_WARN_ABOUT_RETURN_TYPE = YES_ERROR;
				GCC_WARN_UNDECLARED_SELECTOR = YES;
				GCC_WARN_UNINITIALIZED_AUTOS = YES_AGGRESSIVE;
				GCC_WARN_UNUSED_FUNCTION = YES;
				GCC_WARN_UNUSED_VARIABLE = YES;
				IPHONEOS_DEPLOYMENT_TARGET = 8.1;
				MTL_ENABLE_DEBUG_INFO = NO;
				SDKROOT = iphoneos;
				VALIDATE_PRODUCT = YES;
			};
			name = Release;
		};
		17BCD67C1A69839F0051D30D /* Debug */ = {
			isa = XCBuildConfiguration;
			buildSettings = {
				ASSETCATALOG_COMPILER_APPICON_NAME = AppIcon;
				INFOPLIST_FILE = MySafari/Info.plist;
				LD_RUNPATH_SEARCH_PATHS = "$(inherited) @executable_path/Frameworks";
				PRODUCT_NAME = "$(TARGET_NAME)";
			};
			name = Debug;
		};
		17BCD67D1A69839F0051D30D /* Release */ = {
			isa = XCBuildConfiguration;
			buildSettings = {
				ASSETCATALOG_COMPILER_APPICON_NAME = AppIcon;
				INFOPLIST_FILE = MySafari/Info.plist;
				LD_RUNPATH_SEARCH_PATHS = "$(inherited) @executable_path/Frameworks";
				PRODUCT_NAME = "$(TARGET_NAME)";
			};
			name = Release;
		};
		17BCD67F1A69839F0051D30D /* Debug */ = {
			isa = XCBuildConfiguration;
			buildSettings = {
				BUNDLE_LOADER = "$(TEST_HOST)";
				FRAMEWORK_SEARCH_PATHS = (
					"$(SDKROOT)/Developer/Library/Frameworks",
					"$(inherited)",
				);
				GCC_PREPROCESSOR_DEFINITIONS = (
					"DEBUG=1",
					"$(inherited)",
				);
				INFOPLIST_FILE = MySafariTests/Info.plist;
				LD_RUNPATH_SEARCH_PATHS = "$(inherited) @executable_path/Frameworks @loader_path/Frameworks";
				PRODUCT_NAME = "$(TARGET_NAME)";
				TEST_HOST = "$(BUILT_PRODUCTS_DIR)/MySafari.app/MySafari";
			};
			name = Debug;
		};
		17BCD6801A69839F0051D30D /* Release */ = {
			isa = XCBuildConfiguration;
			buildSettings = {
				BUNDLE_LOADER = "$(TEST_HOST)";
				FRAMEWORK_SEARCH_PATHS = (
					"$(SDKROOT)/Developer/Library/Frameworks",
					"$(inherited)",
				);
				INFOPLIST_FILE = MySafariTests/Info.plist;
				LD_RUNPATH_SEARCH_PATHS = "$(inherited) @executable_path/Frameworks @loader_path/Frameworks";
				PRODUCT_NAME = "$(TARGET_NAME)";
				TEST_HOST = "$(BUILT_PRODUCTS_DIR)/MySafari.app/MySafari";
			};
			name = Release;
		};
/* End XCBuildConfiguration section */

/* Begin XCConfigurationList section */
		17BCD6531A69839E0051D30D /* Build configuration list for PBXProject "MySafari" */ = {
			isa = XCConfigurationList;
			buildConfigurations = (
				17BCD6791A69839F0051D30D /* Debug */,
				17BCD67A1A69839F0051D30D /* Release */,
			);
			defaultConfigurationIsVisible = 0;
			defaultConfigurationName = Release;
		};
		17BCD67B1A69839F0051D30D /* Build configuration list for PBXNativeTarget "MySafari" */ = {
			isa = XCConfigurationList;
			buildConfigurations = (
				17BCD67C1A69839F0051D30D /* Debug */,
				17BCD67D1A69839F0051D30D /* Release */,
			);
			defaultConfigurationIsVisible = 0;
		};
		17BCD67E1A69839F0051D30D /* Build configuration list for PBXNativeTarget "MySafariTests" */ = {
			isa = XCConfigurationList;
			buildConfigurations = (
				17BCD67F1A69839F0051D30D /* Debug */,
				17BCD6801A69839F0051D30D /* Release */,
			);
			defaultConfigurationIsVisible = 0;
		};
/* End XCConfigurationList section */
	};
	rootObject = 17BCD6501A69839E0051D30D /* Project object */;
}
